
Microsoft Visual Studio Solution File, Format Version 12.00
# Visual Studio 15
VisualStudioVersion = 15.0.26403.7
MinimumVisualStudioVersion = 10.0.40219.1
Project("{FAE04EC0-301F-11D3-BF4B-00C04F79EFBC}") = "Employee", "Employee\Employee.csproj", "{832B1E8E-8360-42B2-945A-5DCC71A94DE7}"
EndProject
Project("{FAE04EC0-301F-11D3-BF4B-00C04F79EFBC}") = "Employee.Data", "Employee.Data\Employee.Data.csproj", "{3C7F27A3-F8AA-4412-BB92-797D18A2BFFC}"
EndProject
Project("{FAE04EC0-301F-11D3-BF4B-00C04F79EFBC}") = "Employee.Tests", "Employee.Tests\Employee.Tests.csproj", "{6B6A2F4D-F86B-4F72-869F-207E487016FD}"
EndProject
Project("{FAE04EC0-301F-11D3-BF4B-00C04F79EFBC}") = "Employee.DTO", "Employee.DTO\Employee.DTO.csproj", "{EE6F3E77-E117-4D82-A07D-611F03E66F03}"
EndProject
Project("{FAE04EC0-301F-11D3-BF4B-00C04F79EFBC}") = "Employee.Domain", "Employee.Domain\Employee.Domain.csproj", "{9AE07B36-D3BB-444F-B8BB-5392556C0F50}"
EndProject
Project("{FAE04EC0-301F-11D3-BF4B-00C04F79EFBC}") = "Employee.DTOImplementation", "Employee.DTOImplementation\Employee.DTOImplementation.csproj", "{14C72FD0-3E59-462D-9C20-5C6433900AA7}"
EndProject
Global
	GlobalSection(SolutionConfigurationPlatforms) = preSolution
		Debug|Any CPU = Debug|Any CPU
		Release|Any CPU = Release|Any CPU
	EndGlobalSection
	GlobalSection(ProjectConfigurationPlatforms) = postSolution
		{832B1E8E-8360-42B2-945A-5DCC71A94DE7}.Debug|Any CPU.ActiveCfg = Debug|Any CPU
		{832B1E8E-8360-42B2-945A-5DCC71A94DE7}.Debug|Any CPU.Build.0 = Debug|Any CPU
		{832B1E8E-8360-42B2-945A-5DCC71A94DE7}.Release|Any CPU.ActiveCfg = Release|Any CPU
		{832B1E8E-8360-42B2-945A-5DCC71A94DE7}.Release|Any CPU.Build.0 = Release|Any CPU
		{3C7F27A3-F8AA-4412-BB92-797D18A2BFFC}.Debug|Any CPU.ActiveCfg = Debug|Any CPU
		{3C7F27A3-F8AA-4412-BB92-797D18A2BFFC}.Debug|Any CPU.Build.0 = Debug|Any CPU
		{3C7F27A3-F8AA-4412-BB92-797D18A2BFFC}.Release|Any CPU.ActiveCfg = Release|Any CPU
		{3C7F27A3-F8AA-4412-BB92-797D18A2BFFC}.Release|Any CPU.Build.0 = Release|Any CPU
		{6B6A2F4D-F86B-4F72-869F-207E487016FD}.Debug|Any CPU.ActiveCfg = Debug|Any CPU
		{6B6A2F4D-F86B-4F72-869F-207E487016FD}.Debug|Any CPU.Build.0 = Debug|Any CPU
		{6B6A2F4D-F86B-4F72-869F-207E487016FD}.Release|Any CPU.ActiveCfg = Release|Any CPU
		{6B6A2F4D-F86B-4F72-869F-207E487016FD}.Release|Any CPU.Build.0 = Release|Any CPU
		{EE6F3E77-E117-4D82-A07D-611F03E66F03}.Debug|Any CPU.ActiveCfg = Debug|Any CPU
		{EE6F3E77-E117-4D82-A07D-611F03E66F03}.Debug|Any CPU.Build.0 = Debug|Any CPU
		{EE6F3E77-E117-4D82-A07D-611F03E66F03}.Release|Any CPU.ActiveCfg = Release|Any CPU
		{EE6F3E77-E117-4D82-A07D-611F03E66F03}.Release|Any CPU.Build.0 = Release|Any CPU
		{9AE07B36-D3BB-444F-B8BB-5392556C0F50}.Debug|Any CPU.ActiveCfg = Debug|Any CPU
		{9AE07B36-D3BB-444F-B8BB-5392556C0F50}.Debug|Any CPU.Build.0 = Debug|Any CPU
		{9AE07B36-D3BB-444F-B8BB-5392556C0F50}.Release|Any CPU.ActiveCfg = Release|Any CPU
		{9AE07B36-D3BB-444F-B8BB-5392556C0F50}.Release|Any CPU.Build.0 = Release|Any CPU
		{14C72FD0-3E59-462D-9C20-5C6433900AA7}.Debug|Any CPU.ActiveCfg = Debug|Any CPU
		{14C72FD0-3E59-462D-9C20-5C6433900AA7}.Debug|Any CPU.Build.0 = Debug|Any CPU
		{14C72FD0-3E59-462D-9C20-5C6433900AA7}.Release|Any CPU.ActiveCfg = Release|Any CPU
		{14C72FD0-3E59-462D-9C20-5C6433900AA7}.Release|Any CPU.Build.0 = Release|Any CPU
	EndGlobalSection
	GlobalSection(SolutionProperties) = preSolution
		HideSolutionNode = FALSE
	EndGlobalSection
EndGlobal
